
Microsoft Visual Studio Solution File, Format Version 12.00
# Visual Studio Version 18
VisualStudioVersion = 18.3.11429.125
MinimumVisualStudioVersion = 10.0.40219.1
Project("{2150E333-8FDC-42A3-9474-1A3956D46DE8}") = ".SolutionItems", ".SolutionItems", "{35DAC741-3249-441B-9852-40DF6AE9C5FA}"
	ProjectSection(SolutionItems) = preProject
		Directory.Build.props = Directory.Build.props
	EndProjectSection
EndProject
Project("{FAE04EC0-301F-11D3-BF4B-00C04F79EFBC}") = "Dotmim.Sync.Core", "src\Dotmim.Sync.Core\Dotmim.Sync.Core.csproj", "{C20686BA-2821-D750-8D3D-1CAE034F277A}"
EndProject
Project("{FAE04EC0-301F-11D3-BF4B-00C04F79EFBC}") = "Dotmim.Sync.MariaDB", "src\Dotmim.Sync.MariaDB\Dotmim.Sync.MariaDB.csproj", "{BB1CD6E4-87BA-150C-1D50-493E9B8815DE}"
EndProject
Project("{FAE04EC0-301F-11D3-BF4B-00C04F79EFBC}") = "Dotmim.Sync.MySql", "src\Dotmim.Sync.MySql\Dotmim.Sync.MySql.csproj", "{AF3A9DFC-3CF6-D259-B1AD-D394CEACB707}"
EndProject
Project("{FAE04EC0-301F-11D3-BF4B-00C04F79EFBC}") = "Dotmim.Sync.PostgreSql", "src\Dotmim.Sync.PostgreSql\Dotmim.Sync.PostgreSql.csproj", "{708391D7-D723-179D-DA24-69033D430C3F}"
EndProject
Project("{FAE04EC0-301F-11D3-BF4B-00C04F79EFBC}") = "Dotmim.Sync.Sqlite", "src\Dotmim.Sync.Sqlite\Dotmim.Sync.Sqlite.csproj", "{78C10F57-6151-9E7D-040D-BA04614FE5E4}"
EndProject
Project("{FAE04EC0-301F-11D3-BF4B-00C04F79EFBC}") = "Dotmim.Sync.SqlServer", "src\Dotmim.Sync.SqlServer\Dotmim.Sync.SqlServer.csproj", "{8D24C9D0-D501-C70D-8233-140E3CFF1229}"
EndProject
Project("{FAE04EC0-301F-11D3-BF4B-00C04F79EFBC}") = "Dotmim.Sync.SqlServer.ChangeTracking", "src\Dotmim.Sync.SqlServer.ChangeTracking\Dotmim.Sync.SqlServer.ChangeTracking.csproj", "{BDE23F90-4C70-68A6-58CF-59083EBD2899}"
EndProject
Project("{FAE04EC0-301F-11D3-BF4B-00C04F79EFBC}") = "Dotmim.Sync.Web.Client", "src\Dotmim.Sync.Web.Client\Dotmim.Sync.Web.Client.csproj", "{7A51348B-8B45-C587-9BA2-1B0557B9752D}"
EndProject
Project("{FAE04EC0-301F-11D3-BF4B-00C04F79EFBC}") = "Dotmim.Sync.Web.Server", "src\Dotmim.Sync.Web.Server\Dotmim.Sync.Web.Server.csproj", "{39258702-1E7D-B101-7D1F-B97476E6DE35}"
EndProject
Project("{2150E333-8FDC-42A3-9474-1A3956D46DE8}") = "samples", "samples", "{5D20AA90-6969-D8BD-9DCD-8634F4692FDA}"
EndProject
Project("{FAE04EC0-301F-11D3-BF4B-00C04F79EFBC}") = "Dotmim.Sync.Samples.PostgresServer", "samples\Dotmim.Sync.Samples.PostgresServer\Dotmim.Sync.Samples.PostgresServer.csproj", "{CD0EFE67-8483-431A-88B5-64D46F15B288}"
EndProject
Project("{FAE04EC0-301F-11D3-BF4B-00C04F79EFBC}") = "Dotmim.Sync.Samples.SqliteClient", "samples\Dotmim.Sync.Samples.SqliteClient\Dotmim.Sync.Samples.SqliteClient.csproj", "{BB7116CD-174F-47F4-A683-370C90A06D30}"
EndProject
Project("{FAE04EC0-301F-11D3-BF4B-00C04F79EFBC}") = "Dotmim.Sync.Samples.Migration.Server", "samples\Migration\Server\Dotmim.Sync.Samples.Migration.Server.csproj", "{24F07510-D665-425E-8947-4B0517A8218A}"
EndProject
Project("{FAE04EC0-301F-11D3-BF4B-00C04F79EFBC}") = "Dotmim.Sync.Samples.Migration.Client", "samples\Migration\Client\Dotmim.Sync.Samples.Migration.Client.csproj", "{095ED68C-B4D0-4A51-A80A-566E68CDB319}"
EndProject
Project("{FAE04EC0-301F-11D3-BF4B-00C04F79EFBC}") = "Dotmim.Sync.Samples.Bulk.Server", "samples\Bulk\Server\Dotmim.Sync.Samples.Bulk.Server.csproj", "{A1B2C3D4-E5F6-7890-ABCD-EF1234567890}"
EndProject
Project("{FAE04EC0-301F-11D3-BF4B-00C04F79EFBC}") = "Dotmim.Sync.Samples.Bulk.Client", "samples\Bulk\Client\Dotmim.Sync.Samples.Bulk.Client.csproj", "{B2C3D4E5-F6A7-8901-BCDE-F12345678901}"
EndProject
Project("{2150E333-8FDC-42A3-9474-1A3956D46DE8}") = "Tests", "Tests", "{0AB3BF05-4346-4AA6-1389-037BE0695223}"
EndProject
Project("{FAE04EC0-301F-11D3-BF4B-00C04F79EFBC}") = "Dotmim.Sync.Tests", "Tests\Dotmim.Sync.Tests\Dotmim.Sync.Tests.csproj", "{AC8A1614-7DFB-41D7-87D9-63ABDB00759A}"
EndProject
Project("{2150E333-8FDC-42A3-9474-1A3956D46DE8}") = "src", "src", "{827E0CD3-B72D-47B6-A68D-7590B98EB39B}"
EndProject
Global
	GlobalSection(SolutionConfigurationPlatforms) = preSolution
		Debug|Any CPU = Debug|Any CPU
		Debug|x64 = Debug|x64
		Debug|x86 = Debug|x86
		Release|Any CPU = Release|Any CPU
		Release|x64 = Release|x64
		Release|x86 = Release|x86
	EndGlobalSection
	GlobalSection(ProjectConfigurationPlatforms) = postSolution
		{C20686BA-2821-D750-8D3D-1CAE034F277A}.Debug|Any CPU.ActiveCfg = Debug|Any CPU
		{C20686BA-2821-D750-8D3D-1CAE034F277A}.Debug|Any CPU.Build.0 = Debug|Any CPU
		{C20686BA-2821-D750-8D3D-1CAE034F277A}.Debug|x64.ActiveCfg = Debug|Any CPU
		{C20686BA-2821-D750-8D3D-1CAE034F277A}.Debug|x64.Build.0 = Debug|Any CPU
		{C20686BA-2821-D750-8D3D-1CAE034F277A}.Debug|x86.ActiveCfg = Debug|Any CPU
		{C20686BA-2821-D750-8D3D-1CAE034F277A}.Debug|x86.Build.0 = Debug|Any CPU
		{C20686BA-2821-D750-8D3D-1CAE034F277A}.Release|Any CPU.ActiveCfg = Release|Any CPU
		{C20686BA-2821-D750-8D3D-1CAE034F277A}.Release|Any CPU.Build.0 = Release|Any CPU
		{C20686BA-2821-D750-8D3D-1CAE034F277A}.Release|x64.ActiveCfg = Release|Any CPU
		{C20686BA-2821-D750-8D3D-1CAE034F277A}.Release|x64.Build.0 = Release|Any CPU
		{C20686BA-2821-D750-8D3D-1CAE034F277A}.Release|x86.ActiveCfg = Release|Any CPU
		{C20686BA-2821-D750-8D3D-1CAE034F277A}.Release|x86.Build.0 = Release|Any CPU
		{BB1CD6E4-87BA-150C-1D50-493E9B8815DE}.Debug|Any CPU.ActiveCfg = Debug|Any CPU
		{BB1CD6E4-87BA-150C-1D50-493E9B8815DE}.Debug|Any CPU.Build.0 = Debug|Any CPU
		{BB1CD6E4-87BA-150C-1D50-493E9B8815DE}.Debug|x64.ActiveCfg = Debug|Any CPU
		{BB1CD6E4-87BA-150C-1D50-493E9B8815DE}.Debug|x64.Build.0 = Debug|Any CPU
		{BB1CD6E4-87BA-150C-1D50-493E9B8815DE}.Debug|x86.ActiveCfg = Debug|Any CPU
		{BB1CD6E4-87BA-150C-1D50-493E9B8815DE}.Debug|x86.Build.0 = Debug|Any CPU
		{BB1CD6E4-87BA-150C-1D50-493E9B8815DE}.Release|Any CPU.ActiveCfg = Release|Any CPU
		{BB1CD6E4-87BA-150C-1D50-493E9B8815DE}.Release|Any CPU.Build.0 = Release|Any CPU
		{BB1CD6E4-87BA-150C-1D50-493E9B8815DE}.Release|x64.ActiveCfg = Release|Any CPU
		{BB1CD6E4-87BA-150C-1D50-493E9B8815DE}.Release|x64.Build.0 = Release|Any CPU
		{BB1CD6E4-87BA-150C-1D50-493E9B8815DE}.Release|x86.ActiveCfg = Release|Any CPU
		{BB1CD6E4-87BA-150C-1D50-493E9B8815DE}.Release|x86.Build.0 = Release|Any CPU
		{AF3A9DFC-3CF6-D259-B1AD-D394CEACB707}.Debug|Any CPU.ActiveCfg = Debug|Any CPU
		{AF3A9DFC-3CF6-D259-B1AD-D394CEACB707}.Debug|Any CPU.Build.0 = Debug|Any CPU
		{AF3A9DFC-3CF6-D259-B1AD-D394CEACB707}.Debug|x64.ActiveCfg = Debug|Any CPU
		{AF3A9DFC-3CF6-D259-B1AD-D394CEACB707}.Debug|x64.Build.0 = Debug|Any CPU
		{AF3A9DFC-3CF6-D259-B1AD-D394CEACB707}.Debug|x86.ActiveCfg = Debug|Any CPU
		{AF3A9DFC-3CF6-D259-B1AD-D394CEACB707}.Debug|x86.Build.0 = Debug|Any CPU
		{AF3A9DFC-3CF6-D259-B1AD-D394CEACB707}.Release|Any CPU.ActiveCfg = Release|Any CPU
		{AF3A9DFC-3CF6-D259-B1AD-D394CEACB707}.Release|Any CPU.Build.0 = Release|Any CPU
		{AF3A9DFC-3CF6-D259-B1AD-D394CEACB707}.Release|x64.ActiveCfg = Release|Any CPU
		{AF3A9DFC-3CF6-D259-B1AD-D394CEACB707}.Release|x64.Build.0 = Release|Any CPU
		{AF3A9DFC-3CF6-D259-B1AD-D394CEACB707}.Release|x86.ActiveCfg = Release|Any CPU
		{AF3A9DFC-3CF6-D259-B1AD-D394CEACB707}.Release|x86.Build.0 = Release|Any CPU
		{708391D7-D723-179D-DA24-69033D430C3F}.Debug|Any CPU.ActiveCfg = Debug|Any CPU
		{708391D7-D723-179D-DA24-69033D430C3F}.Debug|Any CPU.Build.0 = Debug|Any CPU
		{708391D7-D723-179D-DA24-69033D430C3F}.Debug|x64.ActiveCfg = Debug|Any CPU
		{708391D7-D723-179D-DA24-69033D430C3F}.Debug|x64.Build.0 = Debug|Any CPU
		{708391D7-D723-179D-DA24-69033D430C3F}.Debug|x86.ActiveCfg = Debug|Any CPU
		{708391D7-D723-179D-DA24-69033D430C3F}.Debug|x86.Build.0 = Debug|Any CPU
		{708391D7-D723-179D-DA24-69033D430C3F}.Release|Any CPU.ActiveCfg = Release|Any CPU
		{708391D7-D723-179D-DA24-69033D430C3F}.Release|Any CPU.Build.0 = Release|Any CPU
		{708391D7-D723-179D-DA24-69033D430C3F}.Release|x64.ActiveCfg = Release|Any CPU
		{708391D7-D723-179D-DA24-69033D430C3F}.Release|x64.Build.0 = Release|Any CPU
		{708391D7-D723-179D-DA24-69033D430C3F}.Release|x86.ActiveCfg = Release|Any CPU
		{708391D7-D723-179D-DA24-69033D430C3F}.Release|x86.Build.0 = Release|Any CPU
		{78C10F57-6151-9E7D-040D-BA04614FE5E4}.Debug|Any CPU.ActiveCfg = Debug|Any CPU
		{78C10F57-6151-9E7D-040D-BA04614FE5E4}.Debug|Any CPU.Build.0 = Debug|Any CPU
		{78C10F57-6151-9E7D-040D-BA04614FE5E4}.Debug|x64.ActiveCfg = Debug|Any CPU
		{78C10F57-6151-9E7D-040D-BA04614FE5E4}.Debug|x64.Build.0 = Debug|Any CPU
		{78C10F57-6151-9E7D-040D-BA04614FE5E4}.Debug|x86.ActiveCfg = Debug|Any CPU
		{78C10F57-6151-9E7D-040D-BA04614FE5E4}.Debug|x86.Build.0 = Debug|Any CPU
		{78C10F57-6151-9E7D-040D-BA04614FE5E4}.Release|Any CPU.ActiveCfg = Release|Any CPU
		{78C10F57-6151-9E7D-040D-BA04614FE5E4}.Release|Any CPU.Build.0 = Release|Any CPU
		{78C10F57-6151-9E7D-040D-BA04614FE5E4}.Release|x64.ActiveCfg = Release|Any CPU
		{78C10F57-6151-9E7D-040D-BA04614FE5E4}.Release|x64.Build.0 = Release|Any CPU
		{78C10F57-6151-9E7D-040D-BA04614FE5E4}.Release|x86.ActiveCfg = Release|Any CPU
		{78C10F57-6151-9E7D-040D-BA04614FE5E4}.Release|x86.Build.0 = Release|Any CPU
		{8D24C9D0-D501-C70D-8233-140E3CFF1229}.Debug|Any CPU.ActiveCfg = Debug|Any CPU
		{8D24C9D0-D501-C70D-8233-140E3CFF1229}.Debug|Any CPU.Build.0 = Debug|Any CPU
		{8D24C9D0-D501-C70D-8233-140E3CFF1229}.Debug|x64.ActiveCfg = Debug|Any CPU
		{8D24C9D0-D501-C70D-8233-140E3CFF1229}.Debug|x64.Build.0 = Debug|Any CPU
		{8D24C9D0-D501-C70D-8233-140E3CFF1229}.Debug|x86.ActiveCfg = Debug|Any CPU
		{8D24C9D0-D501-C70D-8233-140E3CFF1229}.Debug|x86.Build.0 = Debug|Any CPU
		{8D24C9D0-D501-C70D-8233-140E3CFF1229}.Release|Any CPU.ActiveCfg = Release|Any CPU
		{8D24C9D0-D501-C70D-8233-140E3CFF1229}.Release|Any CPU.Build.0 = Release|Any CPU
		{8D24C9D0-D501-C70D-8233-140E3CFF1229}.Release|x64.ActiveCfg = Release|Any CPU
		{8D24C9D0-D501-C70D-8233-140E3CFF1229}.Release|x64.Build.0 = Release|Any CPU
		{8D24C9D0-D501-C70D-8233-140E3CFF1229}.Release|x86.ActiveCfg = Release|Any CPU
		{8D24C9D0-D501-C70D-8233-140E3CFF1229}.Release|x86.Build.0 = Release|Any CPU
		{BDE23F90-4C70-68A6-58CF-59083EBD2899}.Debug|Any CPU.ActiveCfg = Debug|Any CPU
		{BDE23F90-4C70-68A6-58CF-59083EBD2899}.Debug|Any CPU.Build.0 = Debug|Any CPU
		{BDE23F90-4C70-68A6-58CF-59083EBD2899}.Debug|x64.ActiveCfg = Debug|Any CPU
		{BDE23F90-4C70-68A6-58CF-59083EBD2899}.Debug|x64.Build.0 = Debug|Any CPU
		{BDE23F90-4C70-68A6-58CF-59083EBD2899}.Debug|x86.ActiveCfg = Debug|Any CPU
		{BDE23F90-4C70-68A6-58CF-59083EBD2899}.Debug|x86.Build.0 = Debug|Any CPU
		{BDE23F90-4C70-68A6-58CF-59083EBD2899}.Release|Any CPU.ActiveCfg = Release|Any CPU
		{BDE23F90-4C70-68A6-58CF-59083EBD2899}.Release|Any CPU.Build.0 = Release|Any CPU
		{BDE23F90-4C70-68A6-58CF-59083EBD2899}.Release|x64.ActiveCfg = Release|Any CPU
		{BDE23F90-4C70-68A6-58CF-59083EBD2899}.Release|x64.Build.0 = Release|Any CPU
		{BDE23F90-4C70-68A6-58CF-59083EBD2899}.Release|x86.ActiveCfg = Release|Any CPU
		{BDE23F90-4C70-68A6-58CF-59083EBD2899}.Release|x86.Build.0 = Release|Any CPU
		{7A51348B-8B45-C587-9BA2-1B0557B9752D}.Debug|Any CPU.ActiveCfg = Debug|Any CPU
		{7A51348B-8B45-C587-9BA2-1B0557B9752D}.Debug|Any CPU.Build.0 = Debug|Any CPU
		{7A51348B-8B45-C587-9BA2-1B0557B9752D}.Debug|x64.ActiveCfg = Debug|Any CPU
		{7A51348B-8B45-C587-9BA2-1B0557B9752D}.Debug|x64.Build.0 = Debug|Any CPU
		{7A51348B-8B45-C587-9BA2-1B0557B9752D}.Debug|x86.ActiveCfg = Debug|Any CPU
		{7A51348B-8B45-C587-9BA2-1B0557B9752D}.Debug|x86.Build.0 = Debug|Any CPU
		{7A51348B-8B45-C587-9BA2-1B0557B9752D}.Release|Any CPU.ActiveCfg = Release|Any CPU
		{7A51348B-8B45-C587-9BA2-1B0557B9752D}.Release|Any CPU.Build.0 = Release|Any CPU
		{7A51348B-8B45-C587-9BA2-1B0557B9752D}.Release|x64.ActiveCfg = Release|Any CPU
		{7A51348B-8B45-C587-9BA2-1B0557B9752D}.Release|x64.Build.0 = Release|Any CPU
		{7A51348B-8B45-C587-9BA2-1B0557B9752D}.Release|x86.ActiveCfg = Release|Any CPU
		{7A51348B-8B45-C587-9BA2-1B0557B9752D}.Release|x86.Build.0 = Release|Any CPU
		{39258702-1E7D-B101-7D1F-B97476E6DE35}.Debug|Any CPU.ActiveCfg = Debug|Any CPU
		{39258702-1E7D-B101-7D1F-B97476E6DE35}.Debug|Any CPU.Build.0 = Debug|Any CPU
		{39258702-1E7D-B101-7D1F-B97476E6DE35}.Debug|x64.ActiveCfg = Debug|Any CPU
		{39258702-1E7D-B101-7D1F-B97476E6DE35}.Debug|x64.Build.0 = Debug|Any CPU
		{39258702-1E7D-B101-7D1F-B97476E6DE35}.Debug|x86.ActiveCfg = Debug|Any CPU
		{39258702-1E7D-B101-7D1F-B97476E6DE35}.Debug|x86.Build.0 = Debug|Any CPU
		{39258702-1E7D-B101-7D1F-B97476E6DE35}.Release|Any CPU.ActiveCfg = Release|Any CPU
		{39258702-1E7D-B101-7D1F-B97476E6DE35}.Release|Any CPU.Build.0 = Release|Any CPU
		{39258702-1E7D-B101-7D1F-B97476E6DE35}.Release|x64.ActiveCfg = Release|Any CPU
		{39258702-1E7D-B101-7D1F-B97476E6DE35}.Release|x64.Build.0 = Release|Any CPU
		{39258702-1E7D-B101-7D1F-B97476E6DE35}.Release|x86.ActiveCfg = Release|Any CPU
		{39258702-1E7D-B101-7D1F-B97476E6DE35}.Release|x86.Build.0 = Release|Any CPU
		{CD0EFE67-8483-431A-88B5-64D46F15B288}.Debug|Any CPU.ActiveCfg = Debug|Any CPU
		{CD0EFE67-8483-431A-88B5-64D46F15B288}.Debug|Any CPU.Build.0 = Debug|Any CPU
		{CD0EFE67-8483-431A-88B5-64D46F15B288}.Debug|x64.ActiveCfg = Debug|Any CPU
		{CD0EFE67-8483-431A-88B5-64D46F15B288}.Debug|x64.Build.0 = Debug|Any CPU
		{CD0EFE67-8483-431A-88B5-64D46F15B288}.Debug|x86.ActiveCfg = Debug|Any CPU
		{CD0EFE67-8483-431A-88B5-64D46F15B288}.Debug|x86.Build.0 = Debug|Any CPU
		{CD0EFE67-8483-431A-88B5-64D46F15B288}.Release|Any CPU.ActiveCfg = Release|Any CPU
		{CD0EFE67-8483-431A-88B5-64D46F15B288}.Release|Any CPU.Build.0 = Release|Any CPU
		{CD0EFE67-8483-431A-88B5-64D46F15B288}.Release|x64.ActiveCfg = Release|Any CPU
		{CD0EFE67-8483-431A-88B5-64D46F15B288}.Release|x64.Build.0 = Release|Any CPU
		{CD0EFE67-8483-431A-88B5-64D46F15B288}.Release|x86.ActiveCfg = Release|Any CPU
		{CD0EFE67-8483-431A-88B5-64D46F15B288}.Release|x86.Build.0 = Release|Any CPU
		{BB7116CD-174F-47F4-A683-370C90A06D30}.Debug|Any CPU.ActiveCfg = Debug|Any CPU
		{BB7116CD-174F-47F4-A683-370C90A06D30}.Debug|Any CPU.Build.0 = Debug|Any CPU
		{BB7116CD-174F-47F4-A683-370C90A06D30}.Debug|x64.ActiveCfg = Debug|Any CPU
		{BB7116CD-174F-47F4-A683-370C90A06D30}.Debug|x64.Build.0 = Debug|Any CPU
		{BB7116CD-174F-47F4-A683-370C90A06D30}.Debug|x86.ActiveCfg = Debug|Any CPU
		{BB7116CD-174F-47F4-A683-370C90A06D30}.Debug|x86.Build.0 = Debug|Any CPU
		{BB7116CD-174F-47F4-A683-370C90A06D30}.Release|Any CPU.ActiveCfg = Release|Any CPU
		{BB7116CD-174F-47F4-A683-370C90A06D30}.Release|Any CPU.Build.0 = Release|Any CPU
		{BB7116CD-174F-47F4-A683-370C90A06D30}.Release|x64.ActiveCfg = Release|Any CPU
		{BB7116CD-174F-47F4-A683-370C90A06D30}.Release|x64.Build.0 = Release|Any CPU
		{BB7116CD-174F-47F4-A683-370C90A06D30}.Release|x86.ActiveCfg = Release|Any CPU
		{BB7116CD-174F-47F4-A683-370C90A06D30}.Release|x86.Build.0 = Release|Any CPU
		{24F07510-D665-425E-8947-4B0517A8218A}.Debug|Any CPU.ActiveCfg = Debug|Any CPU
		{24F07510-D665-425E-8947-4B0517A8218A}.Debug|Any CPU.Build.0 = Debug|Any CPU
		{24F07510-D665-425E-8947-4B0517A8218A}.Debug|x64.ActiveCfg = Debug|Any CPU
		{24F07510-D665-425E-8947-4B0517A8218A}.Debug|x64.Build.0 = Debug|Any CPU
		{24F07510-D665-425E-8947-4B0517A8218A}.Debug|x86.ActiveCfg = Debug|Any CPU
		{24F07510-D665-425E-8947-4B0517A8218A}.Debug|x86.Build.0 = Debug|Any CPU
		{24F07510-D665-425E-8947-4B0517A8218A}.Release|Any CPU.ActiveCfg = Release|Any CPU
		{24F07510-D665-425E-8947-4B0517A8218A}.Release|Any CPU.Build.0 = Release|Any CPU
		{24F07510-D665-425E-8947-4B0517A8218A}.Release|x64.ActiveCfg = Release|Any CPU
		{24F07510-D665-425E-8947-4B0517A8218A}.Release|x64.Build.0 = Release|Any CPU
		{24F07510-D665-425E-8947-4B0517A8218A}.Release|x86.ActiveCfg = Release|Any CPU
		{24F07510-D665-425E-8947-4B0517A8218A}.Release|x86.Build.0 = Release|Any CPU
		{095ED68C-B4D0-4A51-A80A-566E68CDB319}.Debug|Any CPU.ActiveCfg = Debug|Any CPU
		{095ED68C-B4D0-4A51-A80A-566E68CDB319}.Debug|Any CPU.Build.0 = Debug|Any CPU
		{095ED68C-B4D0-4A51-A80A-566E68CDB319}.Debug|x64.ActiveCfg = Debug|Any CPU
		{095ED68C-B4D0-4A51-A80A-566E68CDB319}.Debug|x64.Build.0 = Debug|Any CPU
		{095ED68C-B4D0-4A51-A80A-566E68CDB319}.Debug|x86.ActiveCfg = Debug|Any CPU
		{095ED68C-B4D0-4A51-A80A-566E68CDB319}.Debug|x86.Build.0 = Debug|Any CPU
		{095ED68C-B4D0-4A51-A80A-566E68CDB319}.Release|Any CPU.ActiveCfg = Release|Any CPU
		{095ED68C-B4D0-4A51-A80A-566E68CDB319}.Release|Any CPU.Build.0 = Release|Any CPU
		{095ED68C-B4D0-4A51-A80A-566E68CDB319}.Release|x64.ActiveCfg = Release|Any CPU
		{095ED68C-B4D0-4A51-A80A-566E68CDB319}.Release|x64.Build.0 = Release|Any CPU
		{095ED68C-B4D0-4A51-A80A-566E68CDB319}.Release|x86.ActiveCfg = Release|Any CPU
		{095ED68C-B4D0-4A51-A80A-566E68CDB319}.Release|x86.Build.0 = Release|Any CPU
		{AC8A1614-7DFB-41D7-87D9-63ABDB00759A}.Debug|Any CPU.ActiveCfg = Debug|Any CPU
		{AC8A1614-7DFB-41D7-87D9-63ABDB00759A}.Debug|Any CPU.Build.0 = Debug|Any CPU
		{AC8A1614-7DFB-41D7-87D9-63ABDB00759A}.Debug|x64.ActiveCfg = Debug|Any CPU
		{AC8A1614-7DFB-41D7-87D9-63ABDB00759A}.Debug|x64.Build.0 = Debug|Any CPU
		{AC8A1614-7DFB-41D7-87D9-63ABDB00759A}.Debug|x86.ActiveCfg = Debug|Any CPU
		{AC8A1614-7DFB-41D7-87D9-63ABDB00759A}.Debug|x86.Build.0 = Debug|Any CPU
		{AC8A1614-7DFB-41D7-87D9-63ABDB00759A}.Release|Any CPU.ActiveCfg = Release|Any CPU
		{AC8A1614-7DFB-41D7-87D9-63ABDB00759A}.Release|Any CPU.Build.0 = Release|Any CPU
		{AC8A1614-7DFB-41D7-87D9-63ABDB00759A}.Release|x64.ActiveCfg = Release|Any CPU
		{AC8A1614-7DFB-41D7-87D9-63ABDB00759A}.Release|x64.Build.0 = Release|Any CPU
		{AC8A1614-7DFB-41D7-87D9-63ABDB00759A}.Release|x86.ActiveCfg = Release|Any CPU
		{AC8A1614-7DFB-41D7-87D9-63ABDB00759A}.Release|x86.Build.0 = Release|Any CPU
	EndGlobalSection
	GlobalSection(SolutionProperties) = preSolution
		HideSolutionNode = FALSE
	EndGlobalSection
	GlobalSection(NestedProjects) = preSolution
		{CD0EFE67-8483-431A-88B5-64D46F15B288} = {5D20AA90-6969-D8BD-9DCD-8634F4692FDA}
		{BB7116CD-174F-47F4-A683-370C90A06D30} = {5D20AA90-6969-D8BD-9DCD-8634F4692FDA}
		{24F07510-D665-425E-8947-4B0517A8218A} = {5D20AA90-6969-D8BD-9DCD-8634F4692FDA}
		{095ED68C-B4D0-4A51-A80A-566E68CDB319} = {5D20AA90-6969-D8BD-9DCD-8634F4692FDA}
		{A1B2C3D4-E5F6-7890-ABCD-EF1234567890} = {5D20AA90-6969-D8BD-9DCD-8634F4692FDA}
		{B2C3D4E5-F6A7-8901-BCDE-F12345678901} = {5D20AA90-6969-D8BD-9DCD-8634F4692FDA}
		{AC8A1614-7DFB-41D7-87D9-63ABDB00759A} = {0AB3BF05-4346-4AA6-1389-037BE0695223}
	EndGlobalSection
	GlobalSection(ExtensibilityGlobals) = postSolution
		SolutionGuid = {388BB2CB-7143-40F5-81F8-20AF54ED1478}
	EndGlobalSection
EndGlobal
