
Microsoft Visual Studio Solution File, Format Version 12.00
# Visual Studio Version 18
VisualStudioVersion = 18.3.11429.125
MinimumVisualStudioVersion = 10.0.40219.1
Project("{2150E333-8FDC-42A3-9474-1A3956D46DE8}") = ".SolutionItems", ".SolutionItems", "{35DAC741-3249-441B-9852-40DF6AE9C5FA}"
	ProjectSection(SolutionItems) = preProject
		Directory.Build.props = Directory.Build.props
	EndProjectSection
EndProject
Project("{FAE04EC0-301F-11D3-BF4B-00C04F79EFBC}") = "Dotmim.Sync.Core", "src\Dotmim.Sync.Core\Dotmim.Sync.Core.csproj", "{C20686BA-2821-D750-8D3D-1CAE034F277A}"
EndProject
Project("{FAE04EC0-301F-11D3-BF4B-00C04F79EFBC}") = "Dotmim.Sync.MariaDB", "src\Dotmim.Sync.MariaDB\Dotmim.Sync.MariaDB.csproj", "{BB1CD6E4-87BA-150C-1D50-493E9B8815DE}"
EndProject
Project("{FAE04EC0-301F-11D3-BF4B-00C04F79EFBC}") = "Dotmim.Sync.MySql", "src\Dotmim.Sync.MySql\Dotmim.Sync.MySql.csproj", "{AF3A9DFC-3CF6-D259-B1AD-D394CEACB707}"
EndProject
Project("{FAE04EC0-301F-11D3-BF4B-00C04F79EFBC}") = "Dotmim.Sync.PostgreSql", "src\Dotmim.Sync.PostgreSql\Dotmim.Sync.PostgreSql.csproj", "{708391D7-D723-179D-DA24-69033D430C3F}"
EndProject
Project("{FAE04EC0-301F-11D3-BF4B-00C04F79EFBC}") = "Dotmim.Sync.Sqlite", "src\Dotmim.Sync.Sqlite\Dotmim.Sync.Sqlite.csproj", "{78C10F57-6151-9E7D-040D-BA04614FE5E4}"
EndProject
Project("{FAE04EC0-301F-11D3-BF4B-00C04F79EFBC}") = "Dotmim.Sync.SqlServer", "src\Dotmim.Sync.SqlServer\Dotmim.Sync.SqlServer.csproj", "{8D24C9D0-D501-C70D-8233-140E3CFF1229}"
EndProject
Project("{FAE04EC0-301F-11D3-BF4B-00C04F79EFBC}") = "Dotmim.Sync.SqlServer.ChangeTracking", "src\Dotmim.Sync.SqlServer.ChangeTracking\Dotmim.Sync.SqlServer.ChangeTracking.csproj", "{BDE23F90-4C70-68A6-58CF-59083EBD2899}"
EndProject
Project("{FAE04EC0-301F-11D3-BF4B-00C04F79EFBC}") = "Dotmim.Sync.Web.Client", "src\Dotmim.Sync.Web.Client\Dotmim.Sync.Web.Client.csproj", "{7A51348B-8B45-C587-9BA2-1B0557B9752D}"
EndProject
Project("{FAE04EC0-301F-11D3-BF4B-00C04F79EFBC}") = "Dotmim.Sync.Web.Server", "src\Dotmim.Sync.Web.Server\Dotmim.Sync.Web.Server.csproj", "{39258702-1E7D-B101-7D1F-B97476E6DE35}"
EndProject
Global
	GlobalSection(SolutionConfigurationPlatforms) = preSolution
		Debug|Any CPU = Debug|Any CPU
		Release|Any CPU = Release|Any CPU
	EndGlobalSection
	GlobalSection(ProjectConfigurationPlatforms) = postSolution
		{C20686BA-2821-D750-8D3D-1CAE034F277A}.Debug|Any CPU.ActiveCfg = Debug|Any CPU
		{C20686BA-2821-D750-8D3D-1CAE034F277A}.Debug|Any CPU.Build.0 = Debug|Any CPU
		{C20686BA-2821-D750-8D3D-1CAE034F277A}.Release|Any CPU.ActiveCfg = Release|Any CPU
		{C20686BA-2821-D750-8D3D-1CAE034F277A}.Release|Any CPU.Build.0 = Release|Any CPU
		{BB1CD6E4-87BA-150C-1D50-493E9B8815DE}.Debug|Any CPU.ActiveCfg = Debug|Any CPU
		{BB1CD6E4-87BA-150C-1D50-493E9B8815DE}.Debug|Any CPU.Build.0 = Debug|Any CPU
		{BB1CD6E4-87BA-150C-1D50-493E9B8815DE}.Release|Any CPU.ActiveCfg = Release|Any CPU
		{BB1CD6E4-87BA-150C-1D50-493E9B8815DE}.Release|Any CPU.Build.0 = Release|Any CPU
		{AF3A9DFC-3CF6-D259-B1AD-D394CEACB707}.Debug|Any CPU.ActiveCfg = Debug|Any CPU
		{AF3A9DFC-3CF6-D259-B1AD-D394CEACB707}.Debug|Any CPU.Build.0 = Debug|Any CPU
		{AF3A9DFC-3CF6-D259-B1AD-D394CEACB707}.Release|Any CPU.ActiveCfg = Release|Any CPU
		{AF3A9DFC-3CF6-D259-B1AD-D394CEACB707}.Release|Any CPU.Build.0 = Release|Any CPU
		{708391D7-D723-179D-DA24-69033D430C3F}.Debug|Any CPU.ActiveCfg = Debug|Any CPU
		{708391D7-D723-179D-DA24-69033D430C3F}.Debug|Any CPU.Build.0 = Debug|Any CPU
		{708391D7-D723-179D-DA24-69033D430C3F}.Release|Any CPU.ActiveCfg = Release|Any CPU
		{708391D7-D723-179D-DA24-69033D430C3F}.Release|Any CPU.Build.0 = Release|Any CPU
		{78C10F57-6151-9E7D-040D-BA04614FE5E4}.Debug|Any CPU.ActiveCfg = Debug|Any CPU
		{78C10F57-6151-9E7D-040D-BA04614FE5E4}.Debug|Any CPU.Build.0 = Debug|Any CPU
		{78C10F57-6151-9E7D-040D-BA04614FE5E4}.Release|Any CPU.ActiveCfg = Release|Any CPU
		{78C10F57-6151-9E7D-040D-BA04614FE5E4}.Release|Any CPU.Build.0 = Release|Any CPU
		{8D24C9D0-D501-C70D-8233-140E3CFF1229}.Debug|Any CPU.ActiveCfg = Debug|Any CPU
		{8D24C9D0-D501-C70D-8233-140E3CFF1229}.Debug|Any CPU.Build.0 = Debug|Any CPU
		{8D24C9D0-D501-C70D-8233-140E3CFF1229}.Release|Any CPU.ActiveCfg = Release|Any CPU
		{8D24C9D0-D501-C70D-8233-140E3CFF1229}.Release|Any CPU.Build.0 = Release|Any CPU
		{BDE23F90-4C70-68A6-58CF-59083EBD2899}.Debug|Any CPU.ActiveCfg = Debug|Any CPU
		{BDE23F90-4C70-68A6-58CF-59083EBD2899}.Debug|Any CPU.Build.0 = Debug|Any CPU
		{BDE23F90-4C70-68A6-58CF-59083EBD2899}.Release|Any CPU.ActiveCfg = Release|Any CPU
		{BDE23F90-4C70-68A6-58CF-59083EBD2899}.Release|Any CPU.Build.0 = Release|Any CPU
		{7A51348B-8B45-C587-9BA2-1B0557B9752D}.Debug|Any CPU.ActiveCfg = Debug|Any CPU
		{7A51348B-8B45-C587-9BA2-1B0557B9752D}.Debug|Any CPU.Build.0 = Debug|Any CPU
		{7A51348B-8B45-C587-9BA2-1B0557B9752D}.Release|Any CPU.ActiveCfg = Release|Any CPU
		{7A51348B-8B45-C587-9BA2-1B0557B9752D}.Release|Any CPU.Build.0 = Release|Any CPU
		{39258702-1E7D-B101-7D1F-B97476E6DE35}.Debug|Any CPU.ActiveCfg = Debug|Any CPU
		{39258702-1E7D-B101-7D1F-B97476E6DE35}.Debug|Any CPU.Build.0 = Debug|Any CPU
		{39258702-1E7D-B101-7D1F-B97476E6DE35}.Release|Any CPU.ActiveCfg = Release|Any CPU
		{39258702-1E7D-B101-7D1F-B97476E6DE35}.Release|Any CPU.Build.0 = Release|Any CPU
	EndGlobalSection
	GlobalSection(SolutionProperties) = preSolution
		HideSolutionNode = FALSE
	EndGlobalSection
	GlobalSection(ExtensibilityGlobals) = postSolution
		SolutionGuid = {388BB2CB-7143-40F5-81F8-20AF54ED1478}
	EndGlobalSection
EndGlobal
